{
  "lockfileVersion": 1,
  "configVersion": 1,
  "workspaces": {
    "": {
      "name": "nomic",
      "dependencies": {
        "@octokit/core": "^7.0.6",
        "@octokit/rest": "^22.0.1",
        "immer": "^11.1.3",
        "ts-morph": "^27.0.2",
        "yaml": "^2.8.2",
        "zod": "^4.3.6",
      },
      "devDependencies": {
        "@biomejs/biome": "^2.3.14",
        "@types/node": "^25.2.0",
        "bun-types": "^1.3.8",
        "cspell": "^9.6.4",
        "knip": "^5.83.0",
        "typescript": "^5.9.3",
      },
    },
  },
  "packages": {
    "@biomejs/biome": ["@biomejs/biome@2.3.14", "", { "optionalDependencies": { "@biomejs/cli-darwin-arm64": "2.3.14", "@biomejs/cli-darwin-x64": "2.3.14", "@biomejs/cli-linux-arm64": "2.3.14", "@biomejs/cli-linux-arm64-musl": "2.3.14", "@biomejs/cli-linux-x64": "2.3.14", "@biomejs/cli-linux-x64-musl": "2.3.14", "@biomejs/cli-win32-arm64": "2.3.14", "@biomejs/cli-win32-x64": "2.3.14" }, "bin": { "biome": "bin/biome" } }, "sha512-QMT6QviX0WqXJCaiqVMiBUCr5WRQ1iFSjvOLoTk6auKukJMvnMzWucXpwZB0e8F00/1/BsS9DzcKgWH+CLqVuA=="],

    "@biomejs/cli-darwin-arm64": ["@biomejs/cli-darwin-arm64@2.3.14", "", { "os": "darwin", "cpu": "arm64" }, "sha512-UJGPpvWJMkLxSRtpCAKfKh41Q4JJXisvxZL8ChN1eNW3m/WlPFJ6EFDCE7YfUb4XS8ZFi3C1dFpxUJ0Ety5n+A=="],

    "@biomejs/cli-darwin-x64": ["@biomejs/cli-darwin-x64@2.3.14", "", { "os": "darwin", "cpu": "x64" }, "sha512-PNkLNQG6RLo8lG7QoWe/hhnMxJIt1tEimoXpGQjwS/dkdNiKBLPv4RpeQl8o3s1OKI3ZOR5XPiYtmbGGHAOnLA=="],

    "@biomejs/cli-linux-arm64": ["@biomejs/cli-linux-arm64@2.3.14", "", { "os": "linux", "cpu": "arm64" }, "sha512-KT67FKfzIw6DNnUNdYlBg+eU24Go3n75GWK6NwU4+yJmDYFe9i/MjiI+U/iEzKvo0g7G7MZqoyrhIYuND2w8QQ=="],

    "@biomejs/cli-linux-arm64-musl": ["@biomejs/cli-linux-arm64-musl@2.3.14", "", { "os": "linux", "cpu": "arm64" }, "sha512-LInRbXhYujtL3sH2TMCH/UBwJZsoGwfQjBrMfl84CD4hL/41C/EU5mldqf1yoFpsI0iPWuU83U+nB2TUUypWeg=="],

    "@biomejs/cli-linux-x64": ["@biomejs/cli-linux-x64@2.3.14", "", { "os": "linux", "cpu": "x64" }, "sha512-ZsZzQsl9U+wxFrGGS4f6UxREUlgHwmEfu1IrXlgNFrNnd5Th6lIJr8KmSzu/+meSa9f4rzFrbEW9LBBA6ScoMA=="],

    "@biomejs/cli-linux-x64-musl": ["@biomejs/cli-linux-x64-musl@2.3.14", "", { "os": "linux", "cpu": "x64" }, "sha512-KQU7EkbBBuHPW3/rAcoiVmhlPtDSGOGRPv9js7qJVpYTzjQmVR+C9Rfcz+ti8YCH+zT1J52tuBybtP4IodjxZQ=="],

    "@biomejs/cli-win32-arm64": ["@biomejs/cli-win32-arm64@2.3.14", "", { "os": "win32", "cpu": "arm64" }, "sha512-+IKYkj/pUBbnRf1G1+RlyA3LWiDgra1xpS7H2g4BuOzzRbRB+hmlw0yFsLprHhbbt7jUzbzAbAjK/Pn0FDnh1A=="],

    "@biomejs/cli-win32-x64": ["@biomejs/cli-win32-x64@2.3.14", "", { "os": "win32", "cpu": "x64" }, "sha512-oizCjdyQ3WJEswpb3Chdngeat56rIdSYK12JI3iI11Mt5T5EXcZ7WLuowzEaFPNJ3zmOQFliMN8QY1Pi+qsfdQ=="],

    "@cspell/cspell-bundled-dicts": ["@cspell/cspell-bundled-dicts@9.6.4", "", { "dependencies": { "@cspell/dict-ada": "^4.1.1", "@cspell/dict-al": "^1.1.1", "@cspell/dict-aws": "^4.0.17", "@cspell/dict-bash": "^4.2.2", "@cspell/dict-companies": "^3.2.10", "@cspell/dict-cpp": "^7.0.2", "@cspell/dict-cryptocurrencies": "^5.0.5", "@cspell/dict-csharp": "^4.0.8", "@cspell/dict-css": "^4.0.19", "@cspell/dict-dart": "^2.3.2", "@cspell/dict-data-science": "^2.0.13", "@cspell/dict-django": "^4.1.6", "@cspell/dict-docker": "^1.1.17", "@cspell/dict-dotnet": "^5.0.11", "@cspell/dict-elixir": "^4.0.8", "@cspell/dict-en-common-misspellings": "^2.1.12", "@cspell/dict-en-gb-mit": "^3.1.17", "@cspell/dict-en_us": "^4.4.28", "@cspell/dict-filetypes": "^3.0.15", "@cspell/dict-flutter": "^1.1.1", "@cspell/dict-fonts": "^4.0.5", "@cspell/dict-fsharp": "^1.1.1", "@cspell/dict-fullstack": "^3.2.8", "@cspell/dict-gaming-terms": "^1.1.2", "@cspell/dict-git": "^3.1.0", "@cspell/dict-golang": "^6.0.26", "@cspell/dict-google": "^1.0.9", "@cspell/dict-haskell": "^4.0.6", "@cspell/dict-html": "^4.0.14", "@cspell/dict-html-symbol-entities": "^4.0.5", "@cspell/dict-java": "^5.0.12", "@cspell/dict-julia": "^1.1.1", "@cspell/dict-k8s": "^1.0.12", "@cspell/dict-kotlin": "^1.1.1", "@cspell/dict-latex": "^5.0.0", "@cspell/dict-lorem-ipsum": "^4.0.5", "@cspell/dict-lua": "^4.0.8", "@cspell/dict-makefile": "^1.0.5", "@cspell/dict-markdown": "^2.0.14", "@cspell/dict-monkeyc": "^1.0.12", "@cspell/dict-node": "^5.0.9", "@cspell/dict-npm": "^5.2.32", "@cspell/dict-php": "^4.1.1", "@cspell/dict-powershell": "^5.0.15", "@cspell/dict-public-licenses": "^2.0.15", "@cspell/dict-python": "^4.2.25", "@cspell/dict-r": "^2.1.1", "@cspell/dict-ruby": "^5.1.0", "@cspell/dict-rust": "^4.1.2", "@cspell/dict-scala": "^5.0.9", "@cspell/dict-shell": "^1.1.2", "@cspell/dict-software-terms": "^5.1.20", "@cspell/dict-sql": "^2.2.1", "@cspell/dict-svelte": "^1.0.7", "@cspell/dict-swift": "^2.0.6", "@cspell/dict-terraform": "^1.1.3", "@cspell/dict-typescript": "^3.2.3", "@cspell/dict-vue": "^3.0.5", "@cspell/dict-zig": "^1.0.0" } }, "sha512-OIiPQuB7XQ6rnUv4KaCwHr9vNwbh6VZ4GfgQjcThT0oz0hkL6E5Ar3tq54K9jyqE9ylcHqpRuXUgnKgio6Hlig=="],

    "@cspell/cspell-json-reporter": ["@cspell/cspell-json-reporter@9.6.4", "", { "dependencies": { "@cspell/cspell-types": "9.6.4" } }, "sha512-rGYSDnDWACrUyovfN8M/LM8CCFSKjYd2kehbNS7YMPk0Jk+rLk6sgt5WYu3ty45otXCkiO07bjUo/81wBLet7A=="],

    "@cspell/cspell-performance-monitor": ["@cspell/cspell-performance-monitor@9.6.4", "", {}, "sha512-exuqxV1IVfZkasg57ZjUbaHeZDd6Mdbsbe5FBT3+XaVnRij+wpY2oEW9+kIOL5MOQE3bgQKgu37iMtA1NlCrGA=="],

    "@cspell/cspell-pipe": ["@cspell/cspell-pipe@9.6.4", "", {}, "sha512-vVxajTG9Ko01oHk8HPsMLajcLrd9AfkOk6vdgFI4FD7ZPq1CY0hfTmfmJ8bzZ4/QkqXglTvePdSgHQVJeltwWw=="],

    "@cspell/cspell-resolver": ["@cspell/cspell-resolver@9.6.4", "", { "dependencies": { "global-directory": "^4.0.1" } }, "sha512-3xsgZEqqH9Uj8ZYLBnWbnsHz8wphgaeuWKcNDqgwoMjvwTMQLGoXjHht8Jx5yxd2e080lB7fJax8TaBdCzmFFA=="],

    "@cspell/cspell-service-bus": ["@cspell/cspell-service-bus@9.6.4", "", {}, "sha512-oGNEzP1gJ43rLklJQjOk5PsfX0mZkLjV19djGptb9xZQeC2qAUxnaAbZtWt5CE8ni2iiTaRmgNRbUqAhRCnjew=="],

    "@cspell/cspell-types": ["@cspell/cspell-types@9.6.4", "", {}, "sha512-lf6d+BdMkJIFCxx2FpajLpqVGGyaGUNFU6jhEM6QUPeGuoA5et2kJXrL0NSY2uWLOVyYYc/FPjzlbe8trA9tBQ=="],

    "@cspell/cspell-worker": ["@cspell/cspell-worker@9.6.4", "", { "dependencies": { "cspell-lib": "9.6.4" } }, "sha512-anacKDOZzDfPzuDeFOXGI2tFBYiRRCSnIZP/AOyJ9zTvEQcqq5p/ak18nJ5OQyDr2NG7ovJiCDT5YNiH2Vdg/g=="],

    "@cspell/dict-ada": ["@cspell/dict-ada@4.1.1", "", {}, "sha512-E+0YW9RhZod/9Qy2gxfNZiHJjCYFlCdI69br1eviQQWB8yOTJX0JHXLs79kOYhSW0kINPVUdvddEBe6Lu6CjGQ=="],

    "@cspell/dict-al": ["@cspell/dict-al@1.1.1", "", {}, "sha512-sD8GCaZetgQL4+MaJLXqbzWcRjfKVp8x+px3HuCaaiATAAtvjwUQ5/Iubiqwfd1boIh2Y1/3EgM3TLQ7Q8e0wQ=="],

    "@cspell/dict-aws": ["@cspell/dict-aws@4.0.17", "", {}, "sha512-ORcblTWcdlGjIbWrgKF+8CNEBQiLVKdUOFoTn0KPNkAYnFcdPP0muT4892h7H4Xafh3j72wqB4/loQ6Nti9E/w=="],

    "@cspell/dict-bash": ["@cspell/dict-bash@4.2.2", "", { "dependencies": { "@cspell/dict-shell": "1.1.2" } }, "sha512-kyWbwtX3TsCf5l49gGQIZkRLaB/P8g73GDRm41Zu8Mv51kjl2H7Au0TsEvHv7jzcsRLS6aUYaZv6Zsvk1fOz+Q=="],

    "@cspell/dict-companies": ["@cspell/dict-companies@3.2.10", "", {}, "sha512-bJ1qnO1DkTn7JYGXvxp8FRQc4yq6tRXnrII+jbP8hHmq5TX5o1Wu+rdfpoUQaMWTl6balRvcMYiINDesnpR9Bw=="],

    "@cspell/dict-cpp": ["@cspell/dict-cpp@7.0.2", "", {}, "sha512-dfbeERiVNeqmo/npivdR6rDiBCqZi3QtjH2Z0HFcXwpdj6i97dX1xaKyK2GUsO/p4u1TOv63Dmj5Vm48haDpuA=="],

    "@cspell/dict-cryptocurrencies": ["@cspell/dict-cryptocurrencies@5.0.5", "", {}, "sha512-R68hYYF/rtlE6T/dsObStzN5QZw+0aQBinAXuWCVqwdS7YZo0X33vGMfChkHaiCo3Z2+bkegqHlqxZF4TD3rUA=="],

    "@cspell/dict-csharp": ["@cspell/dict-csharp@4.0.8", "", {}, "sha512-qmk45pKFHSxckl5mSlbHxmDitSsGMlk/XzFgt7emeTJWLNSTUK//MbYAkBNRtfzB4uD7pAFiKgpKgtJrTMRnrQ=="],

    "@cspell/dict-css": ["@cspell/dict-css@4.0.19", "", {}, "sha512-VYHtPnZt/Zd/ATbW3rtexWpBnHUohUrQOHff/2JBhsVgxOrksAxJnLAO43Q1ayLJBJUUwNVo+RU0sx0aaysZfg=="],

    "@cspell/dict-dart": ["@cspell/dict-dart@2.3.2", "", {}, "sha512-sUiLW56t9gfZcu8iR/5EUg+KYyRD83Cjl3yjDEA2ApVuJvK1HhX+vn4e4k4YfjpUQMag8XO2AaRhARE09+/rqw=="],

    "@cspell/dict-data-science": ["@cspell/dict-data-science@2.0.13", "", {}, "sha512-l1HMEhBJkPmw4I2YGVu2eBSKM89K9pVF+N6qIr5Uo5H3O979jVodtuwP8I7LyPrJnC6nz28oxeGRCLh9xC5CVA=="],

    "@cspell/dict-django": ["@cspell/dict-django@4.1.6", "", {}, "sha512-SdbSFDGy9ulETqNz15oWv2+kpWLlk8DJYd573xhIkeRdcXOjskRuxjSZPKfW7O3NxN/KEf3gm3IevVOiNuFS+w=="],

    "@cspell/dict-docker": ["@cspell/dict-docker@1.1.17", "", {}, "sha512-OcnVTIpHIYYKhztNTyK8ShAnXTfnqs43hVH6p0py0wlcwRIXe5uj4f12n7zPf2CeBI7JAlPjEsV0Rlf4hbz/xQ=="],

    "@cspell/dict-dotnet": ["@cspell/dict-dotnet@5.0.11", "", {}, "sha512-LSVKhpFf/ASTWJcfYeS0Sykcl1gVMsv2Z5Eo0TnTMSTLV3738HH+66pIsjUTChqU6SF3gKPuCe6EOaRYqb/evA=="],

    "@cspell/dict-elixir": ["@cspell/dict-elixir@4.0.8", "", {}, "sha512-CyfphrbMyl4Ms55Vzuj+mNmd693HjBFr9hvU+B2YbFEZprE5AG+EXLYTMRWrXbpds4AuZcvN3deM2XVB80BN/Q=="],

    "@cspell/dict-en-common-misspellings": ["@cspell/dict-en-common-misspellings@2.1.12", "", {}, "sha512-14Eu6QGqyksqOd4fYPuRb58lK1Va7FQK9XxFsRKnZU8LhL3N+kj7YKDW+7aIaAN/0WGEqslGP6lGbQzNti8Akw=="],

    "@cspell/dict-en-gb-mit": ["@cspell/dict-en-gb-mit@3.1.17", "", {}, "sha512-MLx+3XN9rj+EGwLIFmh0gpEDNalCyQqjcszp+WkedCHcvTCzQgWXQMZK6cPuhO/OKYyW9GOwsx4t0wjU5tRVNg=="],

    "@cspell/dict-en_us": ["@cspell/dict-en_us@4.4.28", "", {}, "sha512-/rzhbZaZDsDWmXbc9Fmmr4/ngmaNcG2b+TGT+ZjGqpOXVQYI75yZ9+XduyI43xJ5O38QcX3QIbJY5GWaJqxPEg=="],

    "@cspell/dict-filetypes": ["@cspell/dict-filetypes@3.0.15", "", {}, "sha512-uDMeqYlLlK476w/muEFQGBy9BdQWS0mQ7BJiy/iQv5XUWZxE2O54ZQd9nW8GyQMzAgoyg5SG4hf9l039Qt66oA=="],

    "@cspell/dict-flutter": ["@cspell/dict-flutter@1.1.1", "", {}, "sha512-UlOzRcH2tNbFhZmHJN48Za/2/MEdRHl2BMkCWZBYs+30b91mWvBfzaN4IJQU7dUZtowKayVIF9FzvLZtZokc5A=="],

    "@cspell/dict-fonts": ["@cspell/dict-fonts@4.0.5", "", {}, "sha512-BbpkX10DUX/xzHs6lb7yzDf/LPjwYIBJHJlUXSBXDtK/1HaeS+Wqol4Mlm2+NAgZ7ikIE5DQMViTgBUY3ezNoQ=="],

    "@cspell/dict-fsharp": ["@cspell/dict-fsharp@1.1.1", "", {}, "sha512-imhs0u87wEA4/cYjgzS0tAyaJpwG7vwtC8UyMFbwpmtw+/bgss+osNfyqhYRyS/ehVCWL17Ewx2UPkexjKyaBA=="],

    "@cspell/dict-fullstack": ["@cspell/dict-fullstack@3.2.8", "", {}, "sha512-J6EeoeThvx/DFrcA2rJiCA6vfqwJMbkG0IcXhlsmRZmasIpanmxgt90OEaUazbZahFiuJT8wrhgQ1QgD1MsqBw=="],

    "@cspell/dict-gaming-terms": ["@cspell/dict-gaming-terms@1.1.2", "", {}, "sha512-9XnOvaoTBscq0xuD6KTEIkk9hhdfBkkvJAIsvw3JMcnp1214OCGW8+kako5RqQ2vTZR3Tnf3pc57o7VgkM0q1Q=="],

    "@cspell/dict-git": ["@cspell/dict-git@3.1.0", "", {}, "sha512-KEt9zGkxqGy2q1nwH4CbyqTSv5nadpn8BAlDnzlRcnL0Xb3LX9xTgSGShKvzb0bw35lHoYyLWN2ZKAqbC4pgGQ=="],

    "@cspell/dict-golang": ["@cspell/dict-golang@6.0.26", "", {}, "sha512-YKA7Xm5KeOd14v5SQ4ll6afe9VSy3a2DWM7L9uBq4u3lXToRBQ1W5PRa+/Q9udd+DTURyVVnQ+7b9cnOlNxaRg=="],

    "@cspell/dict-google": ["@cspell/dict-google@1.0.9", "", {}, "sha512-biL65POqialY0i4g6crj7pR6JnBkbsPovB2WDYkj3H4TuC/QXv7Pu5pdPxeUJA6TSCHI7T5twsO4VSVyRxD9CA=="],

    "@cspell/dict-haskell": ["@cspell/dict-haskell@4.0.6", "", {}, "sha512-ib8SA5qgftExpYNjWhpYIgvDsZ/0wvKKxSP+kuSkkak520iPvTJumEpIE+qPcmJQo4NzdKMN8nEfaeci4OcFAQ=="],

    "@cspell/dict-html": ["@cspell/dict-html@4.0.14", "", {}, "sha512-2bf7n+kS92g+cMKV0wr9o/Oq9n8JzU7CcrB96gIh2GHgnF+0xDOqO2W/1KeFAqOfqosoOVE48t+4dnEMkkoJ2Q=="],

    "@cspell/dict-html-symbol-entities": ["@cspell/dict-html-symbol-entities@4.0.5", "", {}, "sha512-429alTD4cE0FIwpMucvSN35Ld87HCyuM8mF731KU5Rm4Je2SG6hmVx7nkBsLyrmH3sQukTcr1GaiZsiEg8svPA=="],

    "@cspell/dict-java": ["@cspell/dict-java@5.0.12", "", {}, "sha512-qPSNhTcl7LGJ5Qp6VN71H8zqvRQK04S08T67knMq9hTA8U7G1sTKzLmBaDOFhq17vNX/+rT+rbRYp+B5Nwza1A=="],

    "@cspell/dict-julia": ["@cspell/dict-julia@1.1.1", "", {}, "sha512-WylJR9TQ2cgwd5BWEOfdO3zvDB+L7kYFm0I9u0s9jKHWQ6yKmfKeMjU9oXxTBxIufhCXm92SKwwVNAC7gjv+yA=="],

    "@cspell/dict-k8s": ["@cspell/dict-k8s@1.0.12", "", {}, "sha512-2LcllTWgaTfYC7DmkMPOn9GsBWsA4DZdlun4po8s2ysTP7CPEnZc1ZfK6pZ2eI4TsZemlUQQ+NZxMe9/QutQxg=="],

    "@cspell/dict-kotlin": ["@cspell/dict-kotlin@1.1.1", "", {}, "sha512-J3NzzfgmxRvEeOe3qUXnSJQCd38i/dpF9/t3quuWh6gXM+krsAXP75dY1CzDmS8mrJAlBdVBeAW5eAZTD8g86Q=="],

    "@cspell/dict-latex": ["@cspell/dict-latex@5.0.0", "", {}, "sha512-HUrIqUVohM6P0+5b7BsdAdb0STIv0aaFBvguI7pLcreljlcX3FSPUxea7ticzNlCNeVrEaiEn/ws9m6rYUeuNw=="],

    "@cspell/dict-lorem-ipsum": ["@cspell/dict-lorem-ipsum@4.0.5", "", {}, "sha512-9a4TJYRcPWPBKkQAJ/whCu4uCAEgv/O2xAaZEI0n4y1/l18Yyx8pBKoIX5QuVXjjmKEkK7hi5SxyIsH7pFEK9Q=="],

    "@cspell/dict-lua": ["@cspell/dict-lua@4.0.8", "", {}, "sha512-N4PkgNDMu9JVsRu7JBS/3E/dvfItRgk9w5ga2dKq+JupP2Y3lojNaAVFhXISh4Y0a6qXDn2clA6nvnavQ/jjLA=="],

    "@cspell/dict-makefile": ["@cspell/dict-makefile@1.0.5", "", {}, "sha512-4vrVt7bGiK8Rx98tfRbYo42Xo2IstJkAF4tLLDMNQLkQ86msDlYSKG1ZCk8Abg+EdNcFAjNhXIiNO+w4KflGAQ=="],

    "@cspell/dict-markdown": ["@cspell/dict-markdown@2.0.14", "", { "peerDependencies": { "@cspell/dict-css": "^4.0.19", "@cspell/dict-html": "^4.0.14", "@cspell/dict-html-symbol-entities": "^4.0.5", "@cspell/dict-typescript": "^3.2.3" } }, "sha512-uLKPNJsUcumMQTsZZgAK9RgDLyQhUz/uvbQTEkvF/Q4XfC1i/BnA8XrOrd0+Vp6+tPOKyA+omI5LRWfMu5K/Lw=="],

    "@cspell/dict-monkeyc": ["@cspell/dict-monkeyc@1.0.12", "", {}, "sha512-MN7Vs11TdP5mbdNFQP5x2Ac8zOBm97ARg6zM5Sb53YQt/eMvXOMvrep7+/+8NJXs0jkp70bBzjqU4APcqBFNAw=="],

    "@cspell/dict-node": ["@cspell/dict-node@5.0.9", "", {}, "sha512-hO+ga+uYZ/WA4OtiMEyKt5rDUlUyu3nXMf8KVEeqq2msYvAPdldKBGH7lGONg6R/rPhv53Rb+0Y1SLdoK1+7wQ=="],

    "@cspell/dict-npm": ["@cspell/dict-npm@5.2.32", "", {}, "sha512-H0XD0eg4d96vevle8VUKVoPhsgsw003ByJ47XzipyiMKoQTZ2IAUW+VTkQq8wU1floarNjmThQJOoKL9J4UYuw=="],

    "@cspell/dict-php": ["@cspell/dict-php@4.1.1", "", {}, "sha512-EXelI+4AftmdIGtA8HL8kr4WlUE11OqCSVlnIgZekmTkEGSZdYnkFdiJ5IANSALtlQ1mghKjz+OFqVs6yowgWA=="],

    "@cspell/dict-powershell": ["@cspell/dict-powershell@5.0.15", "", {}, "sha512-l4S5PAcvCFcVDMJShrYD0X6Huv9dcsQPlsVsBGbH38wvuN7gS7+GxZFAjTNxDmTY1wrNi1cCatSg6Pu2BW4rgg=="],

    "@cspell/dict-public-licenses": ["@cspell/dict-public-licenses@2.0.15", "", {}, "sha512-cJEOs901H13Pfy0fl4dCD1U+xpWIMaEPq8MeYU83FfDZvellAuSo4GqWCripfIqlhns/L6+UZEIJSOZnjgy7Wg=="],

    "@cspell/dict-python": ["@cspell/dict-python@4.2.25", "", { "dependencies": { "@cspell/dict-data-science": "^2.0.13" } }, "sha512-hDdN0YhKgpbtZVRjQ2c8jk+n0wQdidAKj1Fk8w7KEHb3YlY5uPJ0mAKJk7AJKPNLOlILoUmN+HAVJz+cfSbWYg=="],

    "@cspell/dict-r": ["@cspell/dict-r@2.1.1", "", {}, "sha512-71Ka+yKfG4ZHEMEmDxc6+blFkeTTvgKbKAbwiwQAuKl3zpqs1Y0vUtwW2N4b3LgmSPhV3ODVY0y4m5ofqDuKMw=="],

    "@cspell/dict-ruby": ["@cspell/dict-ruby@5.1.0", "", {}, "sha512-9PJQB3cfkBULrMLp5kSAcFPpzf8oz9vFN+QYZABhQwWkGbuzCIXSorHrmWSASlx4yejt3brjaWS57zZ/YL5ZQQ=="],

    "@cspell/dict-rust": ["@cspell/dict-rust@4.1.2", "", {}, "sha512-O1FHrumYcO+HZti3dHfBPUdnDFkI+nbYK3pxYmiM1sr+G0ebOd6qchmswS0Wsc6ZdEVNiPYJY/gZQR6jfW3uOg=="],

    "@cspell/dict-scala": ["@cspell/dict-scala@5.0.9", "", {}, "sha512-AjVcVAELgllybr1zk93CJ5wSUNu/Zb5kIubymR/GAYkMyBdYFCZ3Zbwn4Zz8GJlFFAbazABGOu0JPVbeY59vGg=="],

    "@cspell/dict-shell": ["@cspell/dict-shell@1.1.2", "", {}, "sha512-WqOUvnwcHK1X61wAfwyXq04cn7KYyskg90j4lLg3sGGKMW9Sq13hs91pqrjC44Q+lQLgCobrTkMDw9Wyl9nRFA=="],

    "@cspell/dict-software-terms": ["@cspell/dict-software-terms@5.1.20", "", {}, "sha512-TEk1xHvetTI4pv7Vzje1D322m6QEjaH2P6ucOOf6q7EJCppQIdC0lZSXkgHJAFU5HGSvEXSzvnVeW2RHW86ziQ=="],

    "@cspell/dict-sql": ["@cspell/dict-sql@2.2.1", "", {}, "sha512-qDHF8MpAYCf4pWU8NKbnVGzkoxMNrFqBHyG/dgrlic5EQiKANCLELYtGlX5auIMDLmTf1inA0eNtv74tyRJ/vg=="],

    "@cspell/dict-svelte": ["@cspell/dict-svelte@1.0.7", "", {}, "sha512-hGZsGqP0WdzKkdpeVLBivRuSNzOTvN036EBmpOwxH+FTY2DuUH7ecW+cSaMwOgmq5JFSdTcbTNFlNC8HN8lhaQ=="],

    "@cspell/dict-swift": ["@cspell/dict-swift@2.0.6", "", {}, "sha512-PnpNbrIbex2aqU1kMgwEKvCzgbkHtj3dlFLPMqW1vSniop7YxaDTtvTUO4zA++ugYAEL+UK8vYrBwDPTjjvSnA=="],

    "@cspell/dict-terraform": ["@cspell/dict-terraform@1.1.3", "", {}, "sha512-gr6wxCydwSFyyBKhBA2xkENXtVFToheqYYGFvlMZXWjviynXmh+NK/JTvTCk/VHk3+lzbO9EEQKee6VjrAUSbA=="],

    "@cspell/dict-typescript": ["@cspell/dict-typescript@3.2.3", "", {}, "sha512-zXh1wYsNljQZfWWdSPYwQhpwiuW0KPW1dSd8idjMRvSD0aSvWWHoWlrMsmZeRl4qM4QCEAjua8+cjflm41cQBg=="],

    "@cspell/dict-vue": ["@cspell/dict-vue@3.0.5", "", {}, "sha512-Mqutb8jbM+kIcywuPQCCaK5qQHTdaByoEO2J9LKFy3sqAdiBogNkrplqUK0HyyRFgCfbJUgjz3N85iCMcWH0JA=="],

    "@cspell/dict-zig": ["@cspell/dict-zig@1.0.0", "", {}, "sha512-XibBIxBlVosU06+M6uHWkFeT0/pW5WajDRYdXG2CgHnq85b0TI/Ks0FuBJykmsgi2CAD3Qtx8UHFEtl/DSFnAQ=="],

    "@cspell/dynamic-import": ["@cspell/dynamic-import@9.6.4", "", { "dependencies": { "@cspell/url": "9.6.4", "import-meta-resolve": "^4.2.0" } }, "sha512-1VnL9ahT3s17DLWl4MeO1pYg7zcVT3X9cKynI2/U86zNK5xMGS5icvjp7X65tsCAVNcWOtkqVFfrxi7kWxn67g=="],

    "@cspell/filetypes": ["@cspell/filetypes@9.6.4", "", {}, "sha512-a1aZ/8vGnhTknxTukjzo3m8CISyHW2MWnbedywg5SDEl5RMJitmzX90QZiQdSvEcqzqmtoAgSEZNBT2LX2gIKg=="],

    "@cspell/rpc": ["@cspell/rpc@9.6.4", "", {}, "sha512-vGI1788Rx5Yml9N1/pD4zGd8Vrchi2Y01ADf9NiiOaNVVdf4PU1GCssLCsiIzhYQneErpQ8pJi/mS2F/QMZbRA=="],

    "@cspell/strong-weak-map": ["@cspell/strong-weak-map@9.6.4", "", {}, "sha512-AQrUbA0JUOEQgwItnfUQ6Ydk0hWY/uV3VhLwZWyrnT9eiQynmTnRTHtOCkkSl9+M4P0N4Raa2eGFRLcPAFksaw=="],

    "@cspell/url": ["@cspell/url@9.6.4", "", {}, "sha512-h6VMlb7bDyGJfwLtipxxtHlT+ojzUXZz14AqZ/NEzY3LfOhfJTGpRcWLYFsgG/L0Ma4qjsYbPJt/Sj1C14j0VA=="],

    "@emnapi/core": ["@emnapi/core@1.7.1", "", { "dependencies": { "@emnapi/wasi-threads": "1.1.0", "tslib": "^2.4.0" } }, "sha512-o1uhUASyo921r2XtHYOHy7gdkGLge8ghBEQHMWmyJFoXlpU58kIrhhN3w26lpQb6dspetweapMn2CSNwQ8I4wg=="],

    "@emnapi/runtime": ["@emnapi/runtime@1.7.1", "", { "dependencies": { "tslib": "^2.4.0" } }, "sha512-PVtJr5CmLwYAU9PZDMITZoR5iAOShYREoR45EyyLrbntV50mdePTgUn4AmOw90Ifcj+x2kRjdzr1HP3RrNiHGA=="],

    "@emnapi/wasi-threads": ["@emnapi/wasi-threads@1.1.0", "", { "dependencies": { "tslib": "^2.4.0" } }, "sha512-WI0DdZ8xFSbgMjR1sFsKABJ/C5OnRrjT06JXbZKexJGrDuPTzZdDYfFlsgcCXCyf+suG5QU2e/y1Wo2V/OapLQ=="],

    "@isaacs/balanced-match": ["@isaacs/balanced-match@4.0.1", "", {}, "sha512-yzMTt9lEb8Gv7zRioUilSglI0c0smZ9k5D65677DLWLtWJaXIS3CqcGyUFByYKlnUj6TkjLVs54fBl6+TiGQDQ=="],

    "@isaacs/brace-expansion": ["@isaacs/brace-expansion@5.0.0", "", { "dependencies": { "@isaacs/balanced-match": "^4.0.1" } }, "sha512-ZT55BDLV0yv0RBm2czMiZ+SqCGO7AvmOM3G/w2xhVPH+te0aKgFjmBvGlL1dH+ql2tgGO3MVrbb3jCKyvpgnxA=="],

    "@napi-rs/wasm-runtime": ["@napi-rs/wasm-runtime@1.1.1", "", { "dependencies": { "@emnapi/core": "^1.7.1", "@emnapi/runtime": "^1.7.1", "@tybys/wasm-util": "^0.10.1" } }, "sha512-p64ah1M1ld8xjWv3qbvFwHiFVWrq1yFvV4f7w+mzaqiR4IlSgkqhcRdHwsGgomwzBH51sRY4NEowLxnaBjcW/A=="],

    "@nodelib/fs.scandir": ["@nodelib/fs.scandir@2.1.5", "", { "dependencies": { "@nodelib/fs.stat": "2.0.5", "run-parallel": "^1.1.9" } }, "sha512-vq24Bq3ym5HEQm2NKCr3yXDwjc7vTsEThRDnkp2DK9p1uqLR+DHurm/NOTo0KG7HYHU7eppKZj3MyqYuMBf62g=="],

    "@nodelib/fs.stat": ["@nodelib/fs.stat@2.0.5", "", {}, "sha512-RkhPPp2zrqDAQA/2jNhnztcPAlv64XdhIp7a7454A5ovI7Bukxgt7MX7udwAu3zg1DcpPU0rz3VV1SeaqvY4+A=="],

    "@nodelib/fs.walk": ["@nodelib/fs.walk@1.2.8", "", { "dependencies": { "@nodelib/fs.scandir": "2.1.5", "fastq": "^1.6.0" } }, "sha512-oGB+UxlgWcgQkgwo8GcEGwemoTFt3FIO9ababBmaGwXIoBKZ+GTy0pP185beGg7Llih/NSHSV2XAs1lnznocSg=="],

    "@octokit/auth-token": ["@octokit/auth-token@6.0.0", "", {}, "sha512-P4YJBPdPSpWTQ1NU4XYdvHvXJJDxM6YwpS0FZHRgP7YFkdVxsWcpWGy/NVqlAA7PcPCnMacXlRm1y2PFZRWL/w=="],

    "@octokit/core": ["@octokit/core@7.0.6", "", { "dependencies": { "@octokit/auth-token": "^6.0.0", "@octokit/graphql": "^9.0.3", "@octokit/request": "^10.0.6", "@octokit/request-error": "^7.0.2", "@octokit/types": "^16.0.0", "before-after-hook": "^4.0.0", "universal-user-agent": "^7.0.0" } }, "sha512-DhGl4xMVFGVIyMwswXeyzdL4uXD5OGILGX5N8Y+f6W7LhC1Ze2poSNrkF/fedpVDHEEZ+PHFW0vL14I+mm8K3Q=="],

    "@octokit/endpoint": ["@octokit/endpoint@11.0.2", "", { "dependencies": { "@octokit/types": "^16.0.0", "universal-user-agent": "^7.0.2" } }, "sha512-4zCpzP1fWc7QlqunZ5bSEjxc6yLAlRTnDwKtgXfcI/FxxGoqedDG8V2+xJ60bV2kODqcGB+nATdtap/XYq2NZQ=="],

    "@octokit/graphql": ["@octokit/graphql@9.0.3", "", { "dependencies": { "@octokit/request": "^10.0.6", "@octokit/types": "^16.0.0", "universal-user-agent": "^7.0.0" } }, "sha512-grAEuupr/C1rALFnXTv6ZQhFuL1D8G5y8CN04RgrO4FIPMrtm+mcZzFG7dcBm+nq+1ppNixu+Jd78aeJOYxlGA=="],

    "@octokit/openapi-types": ["@octokit/openapi-types@27.0.0", "", {}, "sha512-whrdktVs1h6gtR+09+QsNk2+FO+49j6ga1c55YZudfEG+oKJVvJLQi3zkOm5JjiUXAagWK2tI2kTGKJ2Ys7MGA=="],

    "@octokit/plugin-paginate-rest": ["@octokit/plugin-paginate-rest@14.0.0", "", { "dependencies": { "@octokit/types": "^16.0.0" }, "peerDependencies": { "@octokit/core": ">=6" } }, "sha512-fNVRE7ufJiAA3XUrha2omTA39M6IXIc6GIZLvlbsm8QOQCYvpq/LkMNGyFlB1d8hTDzsAXa3OKtybdMAYsV/fw=="],

    "@octokit/plugin-request-log": ["@octokit/plugin-request-log@6.0.0", "", { "peerDependencies": { "@octokit/core": ">=6" } }, "sha512-UkOzeEN3W91/eBq9sPZNQ7sUBvYCqYbrrD8gTbBuGtHEuycE4/awMXcYvx6sVYo7LypPhmQwwpUe4Yyu4QZN5Q=="],

    "@octokit/plugin-rest-endpoint-methods": ["@octokit/plugin-rest-endpoint-methods@17.0.0", "", { "dependencies": { "@octokit/types": "^16.0.0" }, "peerDependencies": { "@octokit/core": ">=6" } }, "sha512-B5yCyIlOJFPqUUeiD0cnBJwWJO8lkJs5d8+ze9QDP6SvfiXSz1BF+91+0MeI1d2yxgOhU/O+CvtiZ9jSkHhFAw=="],

    "@octokit/request": ["@octokit/request@10.0.7", "", { "dependencies": { "@octokit/endpoint": "^11.0.2", "@octokit/request-error": "^7.0.2", "@octokit/types": "^16.0.0", "fast-content-type-parse": "^3.0.0", "universal-user-agent": "^7.0.2" } }, "sha512-v93h0i1yu4idj8qFPZwjehoJx4j3Ntn+JhXsdJrG9pYaX6j/XRz2RmasMUHtNgQD39nrv/VwTWSqK0RNXR8upA=="],

    "@octokit/request-error": ["@octokit/request-error@7.1.0", "", { "dependencies": { "@octokit/types": "^16.0.0" } }, "sha512-KMQIfq5sOPpkQYajXHwnhjCC0slzCNScLHs9JafXc4RAJI+9f+jNDlBNaIMTvazOPLgb4BnlhGJOTbnN0wIjPw=="],

    "@octokit/rest": ["@octokit/rest@22.0.1", "", { "dependencies": { "@octokit/core": "^7.0.6", "@octokit/plugin-paginate-rest": "^14.0.0", "@octokit/plugin-request-log": "^6.0.0", "@octokit/plugin-rest-endpoint-methods": "^17.0.0" } }, "sha512-Jzbhzl3CEexhnivb1iQ0KJ7s5vvjMWcmRtq5aUsKmKDrRW6z3r84ngmiFKFvpZjpiU/9/S6ITPFRpn5s/3uQJw=="],

    "@octokit/types": ["@octokit/types@16.0.0", "", { "dependencies": { "@octokit/openapi-types": "^27.0.0" } }, "sha512-sKq+9r1Mm4efXW1FCk7hFSeJo4QKreL/tTbR0rz/qx/r1Oa2VV83LTA/H/MuCOX7uCIJmQVRKBcbmWoySjAnSg=="],

    "@oxc-resolver/binding-android-arm-eabi": ["@oxc-resolver/binding-android-arm-eabi@11.16.2", "", { "os": "android", "cpu": "arm" }, "sha512-lVJbvydLQIDZHKUb6Zs9Rq80QVTQ9xdCQE30eC9/cjg4wsMoEOg65QZPymUAIVJotpUAWJD0XYcwE7ugfxx5kQ=="],

    "@oxc-resolver/binding-android-arm64": ["@oxc-resolver/binding-android-arm64@11.16.2", "", { "os": "android", "cpu": "arm64" }, "sha512-fEk+g/g2rJ6LnBVPqeLcx+/alWZ/Db1UlXG+ZVivip0NdrnOzRL48PAmnxTMGOrLwsH1UDJkwY3wOjrrQltCqg=="],

    "@oxc-resolver/binding-darwin-arm64": ["@oxc-resolver/binding-darwin-arm64@11.16.2", "", { "os": "darwin", "cpu": "arm64" }, "sha512-Pkbp1qi7kdUX6k3Fk1PvAg6p7ruwaWKg1AhOlDgrg2vLXjtv9ZHo7IAQN6kLj0W771dPJZWqNxoqTPacp2oYWA=="],

    "@oxc-resolver/binding-darwin-x64": ["@oxc-resolver/binding-darwin-x64@11.16.2", "", { "os": "darwin", "cpu": "x64" }, "sha512-FYCGcU1iSoPkADGLfQbuj0HWzS+0ItjDCt9PKtu2Hzy6T0dxO4Y1enKeCOxCweOlmLEkSxUlW5UPT4wvT3LnAg=="],

    "@oxc-resolver/binding-freebsd-x64": ["@oxc-resolver/binding-freebsd-x64@11.16.2", "", { "os": "freebsd", "cpu": "x64" }, "sha512-1zHCoK6fMcBjE54P2EG/z70rTjcRxvyKfvk4E/QVrWLxNahuGDFZIxoEoo4kGnnEcmPj41F0c2PkrQbqlpja5g=="],

    "@oxc-resolver/binding-linux-arm-gnueabihf": ["@oxc-resolver/binding-linux-arm-gnueabihf@11.16.2", "", { "os": "linux", "cpu": "arm" }, "sha512-+ucLYz8EO5FDp6kZ4o1uDmhoP+M98ysqiUW4hI3NmfiOJQWLrAzQjqaTdPfIOzlCXBU9IHp5Cgxu6wPjVb8dbA=="],

    "@oxc-resolver/binding-linux-arm-musleabihf": ["@oxc-resolver/binding-linux-arm-musleabihf@11.16.2", "", { "os": "linux", "cpu": "arm" }, "sha512-qq+TpNXyw1odDgoONRpMLzH4hzhwnEw55398dL8rhKGvvYbio71WrJ00jE+hGlEi7H1Gkl11KoPJRaPlRAVGPw=="],

    "@oxc-resolver/binding-linux-arm64-gnu": ["@oxc-resolver/binding-linux-arm64-gnu@11.16.2", "", { "os": "linux", "cpu": "arm64" }, "sha512-xlMh4gNtplNQEwuF5icm69udC7un0WyzT5ywOeHrPMEsghKnLjXok2wZgAA7ocTm9+JsI+nVXIQa5XO1x+HPQg=="],

    "@oxc-resolver/binding-linux-arm64-musl": ["@oxc-resolver/binding-linux-arm64-musl@11.16.2", "", { "os": "linux", "cpu": "arm64" }, "sha512-OZs33QTMi0xmHv/4P0+RAKXJTBk7UcMH5tpTaCytWRXls/DGaJ48jOHmriQGK2YwUqXl+oneuNyPOUO0obJ+Hg=="],

    "@oxc-resolver/binding-linux-ppc64-gnu": ["@oxc-resolver/binding-linux-ppc64-gnu@11.16.2", "", { "os": "linux", "cpu": "ppc64" }, "sha512-UVyuhaV32dJGtF6fDofOcBstg9JwB2Jfnjfb8jGlu3xcG+TsubHRhuTwQ6JZ1sColNT1nMxBiu7zdKUEZi1kwg=="],

    "@oxc-resolver/binding-linux-riscv64-gnu": ["@oxc-resolver/binding-linux-riscv64-gnu@11.16.2", "", { "os": "linux", "cpu": "none" }, "sha512-YZZS0yv2q5nE1uL/Fk4Y7m9018DSEmDNSG8oJzy1TJjA1jx5HL52hEPxi98XhU6OYhSO/vC1jdkJeE8TIHugug=="],

    "@oxc-resolver/binding-linux-riscv64-musl": ["@oxc-resolver/binding-linux-riscv64-musl@11.16.2", "", { "os": "linux", "cpu": "none" }, "sha512-9VYuypwtx4kt1lUcwJAH4dPmgJySh4/KxtAPdRoX2BTaZxVm/yEXHq0mnl/8SEarjzMvXKbf7Cm6UBgptm3DZw=="],

    "@oxc-resolver/binding-linux-s390x-gnu": ["@oxc-resolver/binding-linux-s390x-gnu@11.16.2", "", { "os": "linux", "cpu": "s390x" }, "sha512-3gbwQ+xlL5gpyzgSDdC8B4qIM4mZaPDLaFOi3c/GV7CqIdVJc5EZXW4V3T6xwtPBOpXPXfqQLbhTnUD4SqwJtA=="],

    "@oxc-resolver/binding-linux-x64-gnu": ["@oxc-resolver/binding-linux-x64-gnu@11.16.2", "", { "os": "linux", "cpu": "x64" }, "sha512-m0WcK0j54tSwWa+hQaJMScZdWneqE7xixp/vpFqlkbhuKW9dRHykPAFvSYg1YJ3MJgu9ZzVNpYHhPKJiEQq57Q=="],

    "@oxc-resolver/binding-linux-x64-musl": ["@oxc-resolver/binding-linux-x64-musl@11.16.2", "", { "os": "linux", "cpu": "x64" }, "sha512-ZjUm3w96P2t47nWywGwj1A2mAVBI/8IoS7XHhcogWCfXnEI3M6NPIRQPYAZW4s5/u3u6w1uPtgOwffj2XIOb/g=="],

    "@oxc-resolver/binding-openharmony-arm64": ["@oxc-resolver/binding-openharmony-arm64@11.16.2", "", { "os": "none", "cpu": "arm64" }, "sha512-OFVQ2x3VenTp13nIl6HcQ/7dmhFmM9dg2EjKfHcOtYfrVLQdNR6THFU7GkMdmc8DdY1zLUeilHwBIsyxv5hkwQ=="],

    "@oxc-resolver/binding-wasm32-wasi": ["@oxc-resolver/binding-wasm32-wasi@11.16.2", "", { "dependencies": { "@napi-rs/wasm-runtime": "^1.1.0" }, "cpu": "none" }, "sha512-+O1sY3RrGyA2AqDnd3yaDCsqZqCblSTEpY7TbbaOaw0X7iIbGjjRLdrQk9StG3QSiZuBy9FdFwotIiSXtwvbAQ=="],

    "@oxc-resolver/binding-win32-arm64-msvc": ["@oxc-resolver/binding-win32-arm64-msvc@11.16.2", "", { "os": "win32", "cpu": "arm64" }, "sha512-jMrMJL+fkx6xoSMFPOeyQ1ctTFjavWPOSZEKUY5PebDwQmC9cqEr4LhdTnGsOtFrWYLXlEU4xWeMdBoc/XKkOA=="],

    "@oxc-resolver/binding-win32-ia32-msvc": ["@oxc-resolver/binding-win32-ia32-msvc@11.16.2", "", { "os": "win32", "cpu": "ia32" }, "sha512-tl0xDA5dcQplG2yg2ZhgVT578dhRFafaCfyqMEAXq8KNpor85nJ53C3PLpfxD2NKzPioFgWEexNsjqRi+kW2Mg=="],

    "@oxc-resolver/binding-win32-x64-msvc": ["@oxc-resolver/binding-win32-x64-msvc@11.16.2", "", { "os": "win32", "cpu": "x64" }, "sha512-M7z0xjYQq1HdJk2DxTSLMvRMyBSI4wn4FXGcVQBsbAihgXevAReqwMdb593nmCK/OiFwSNcOaGIzUvzyzQ+95w=="],

    "@ts-morph/common": ["@ts-morph/common@0.28.1", "", { "dependencies": { "minimatch": "^10.0.1", "path-browserify": "^1.0.1", "tinyglobby": "^0.2.14" } }, "sha512-W74iWf7ILp1ZKNYXY5qbddNaml7e9Sedv5lvU1V8lftlitkc9Pq1A+jlH23ltDgWYeZFFEqGCD1Ies9hqu3O+g=="],

    "@tybys/wasm-util": ["@tybys/wasm-util@0.10.1", "", { "dependencies": { "tslib": "^2.4.0" } }, "sha512-9tTaPJLSiejZKx+Bmog4uSubteqTvFrVrURwkmHixBo0G4seD0zUxp98E1DzUBJxLQ3NPwXrGKDiVjwx/DpPsg=="],

    "@types/node": ["@types/node@25.2.0", "", { "dependencies": { "undici-types": "~7.16.0" } }, "sha512-DZ8VwRFUNzuqJ5khrvwMXHmvPe+zGayJhr2CDNiKB1WBE1ST8Djl00D0IC4vvNmHMdj6DlbYRIaFE7WHjlDl5w=="],

    "ansi-regex": ["ansi-regex@6.2.2", "", {}, "sha512-Bq3SmSpyFHaWjPk8If9yc6svM8c56dB5BAtW4Qbw5jHTwwXXcTLoRMkpDJp6VL0XzlWaCHTXrkFURMYmD0sLqg=="],

    "argparse": ["argparse@2.0.1", "", {}, "sha512-8+9WqebbFzpX9OR+Wa6O29asIogeRMzcGtAINdpMHHyAg10f05aSFVBbcEqGf/PXw1EjAZ+q2/bEBg3DvurK3Q=="],

    "array-timsort": ["array-timsort@1.0.3", "", {}, "sha512-/+3GRL7dDAGEfM6TseQk/U+mi18TU2Ms9I3UlLdUMhz2hbvGNTKdj9xniwXfUqgYhHxRx0+8UnKkvlNwVU+cWQ=="],

    "before-after-hook": ["before-after-hook@4.0.0", "", {}, "sha512-q6tR3RPqIB1pMiTRMFcZwuG5T8vwp+vUvEG0vuI6B+Rikh5BfPp2fQ82c925FOs+b0lcFQ8CFrL+KbilfZFhOQ=="],

    "braces": ["braces@3.0.3", "", { "dependencies": { "fill-range": "^7.1.1" } }, "sha512-yQbXgO/OSZVD2IsiLlro+7Hf6Q18EJrKSEsdoMzKePKXct3gvD8oLcOQdIzGupr5Fj+EDe8gO/lxc1BzfMpxvA=="],

    "bun-types": ["bun-types@1.3.8", "", { "dependencies": { "@types/node": "*" } }, "sha512-fL99nxdOWvV4LqjmC+8Q9kW3M4QTtTR1eePs94v5ctGqU8OeceWrSUaRw3JYb7tU3FkMIAjkueehrHPPPGKi5Q=="],

    "callsites": ["callsites@3.1.0", "", {}, "sha512-P8BjAsXvZS+VIDUI11hHCQEv74YT67YUi5JJFNWIqL235sBmjX4+qx9Muvls5ivyNENctx46xQLQ3aTuE7ssaQ=="],

    "chalk": ["chalk@5.6.2", "", {}, "sha512-7NzBL0rN6fMUW+f7A6Io4h40qQlG+xGmtMxfbnH/K7TAtt8JQWVQK+6g0UXKMeVJoyV5EkkNsErQ8pVD3bLHbA=="],

    "chalk-template": ["chalk-template@1.1.2", "", { "dependencies": { "chalk": "^5.2.0" } }, "sha512-2bxTP2yUH7AJj/VAXfcA+4IcWGdQ87HwBANLt5XxGTeomo8yG0y95N1um9i5StvhT/Bl0/2cARA5v1PpPXUxUA=="],

    "clear-module": ["clear-module@4.1.2", "", { "dependencies": { "parent-module": "^2.0.0", "resolve-from": "^5.0.0" } }, "sha512-LWAxzHqdHsAZlPlEyJ2Poz6AIs384mPeqLVCru2p0BrP9G/kVGuhNyZYClLO6cXlnuJjzC8xtsJIuMjKqLXoAw=="],

    "code-block-writer": ["code-block-writer@13.0.3", "", {}, "sha512-Oofo0pq3IKnsFtuHqSF7TqBfr71aeyZDVJ0HpmqB7FBM2qEigL0iPONSCZSO9pE9dZTAxANe5XHG9Uy0YMv8cg=="],

    "commander": ["commander@14.0.3", "", {}, "sha512-H+y0Jo/T1RZ9qPP4Eh1pkcQcLRglraJaSLoyOtHxu6AapkjWVCy2Sit1QQ4x3Dng8qDlSsZEet7g5Pq06MvTgw=="],

    "comment-json": ["comment-json@4.5.1", "", { "dependencies": { "array-timsort": "^1.0.3", "core-util-is": "^1.0.3", "esprima": "^4.0.1" } }, "sha512-taEtr3ozUmOB7it68Jll7s0Pwm+aoiHyXKrEC8SEodL4rNpdfDLqa7PfBlrgFoCNNdR8ImL+muti5IGvktJAAg=="],

    "core-util-is": ["core-util-is@1.0.3", "", {}, "sha512-ZQBvi1DcpJ4GDqanjucZ2Hj3wEO5pZDS89BWbkcrvdxksJorwUDDZamX9ldFkp9aw2lmBDLgkObEA4DWNJ9FYQ=="],

    "cspell": ["cspell@9.6.4", "", { "dependencies": { "@cspell/cspell-json-reporter": "9.6.4", "@cspell/cspell-performance-monitor": "9.6.4", "@cspell/cspell-pipe": "9.6.4", "@cspell/cspell-types": "9.6.4", "@cspell/cspell-worker": "9.6.4", "@cspell/dynamic-import": "9.6.4", "@cspell/url": "9.6.4", "ansi-regex": "^6.2.2", "chalk": "^5.6.2", "chalk-template": "^1.1.2", "commander": "^14.0.3", "cspell-config-lib": "9.6.4", "cspell-dictionary": "9.6.4", "cspell-gitignore": "9.6.4", "cspell-glob": "9.6.4", "cspell-io": "9.6.4", "cspell-lib": "9.6.4", "fast-json-stable-stringify": "^2.1.0", "flatted": "^3.3.3", "semver": "^7.7.3", "tinyglobby": "^0.2.15" }, "bin": { "cspell": "bin.mjs", "cspell-esm": "bin.mjs" } }, "sha512-rZJmgcyBGKX3KcJ3KC9JYVHeKhDEVbmCheSp8eRGMYw6MCG9o7FHqQjGA/u4lEu4A0psr7ACP/5ym/QHyntRbA=="],

    "cspell-config-lib": ["cspell-config-lib@9.6.4", "", { "dependencies": { "@cspell/cspell-types": "9.6.4", "comment-json": "^4.5.1", "smol-toml": "^1.6.0", "yaml": "^2.8.2" } }, "sha512-MecJNR9bIlcPBhyZFsXP6Q2n8qQ2IR9N9HiIz0yh0gBNVydp3LR5JITP5Ji8m7hexmZzVeoXms/dVN74XbS95g=="],

    "cspell-dictionary": ["cspell-dictionary@9.6.4", "", { "dependencies": { "@cspell/cspell-performance-monitor": "9.6.4", "@cspell/cspell-pipe": "9.6.4", "@cspell/cspell-types": "9.6.4", "cspell-trie-lib": "9.6.4", "fast-equals": "^6.0.0" } }, "sha512-Ik9ZQVqV/fJfMt5X6IkC7yHGVH46/qjcqCNWwrMSwvROLM3SemNxxZoLvh0wi0GXz9WF1lHcxLJVdeKUk6QB8g=="],

    "cspell-gitignore": ["cspell-gitignore@9.6.4", "", { "dependencies": { "@cspell/url": "9.6.4", "cspell-glob": "9.6.4", "cspell-io": "9.6.4" }, "bin": { "cspell-gitignore": "bin.mjs" } }, "sha512-a8asE9BsjJgJ506WUGh5VHrTdVEE8hWELjCJB2atPrW6iY5e4aCIugy0gkRC1ZH9/TseadlmMLrFzHUkJUjzsg=="],

    "cspell-glob": ["cspell-glob@9.6.4", "", { "dependencies": { "@cspell/url": "9.6.4", "picomatch": "^4.0.3" } }, "sha512-253VrjbR8QU15h8GtpDQLX5Ti9uNSuNod2T7f8YEElQOb9I/kUXoCj3Cq4P390IC99klqSHIDxHsxd77ex19lA=="],

    "cspell-grammar": ["cspell-grammar@9.6.4", "", { "dependencies": { "@cspell/cspell-pipe": "9.6.4", "@cspell/cspell-types": "9.6.4" }, "bin": { "cspell-grammar": "bin.mjs" } }, "sha512-rvZyTB45/XSRWx7eAsrvTTAZvBTREr/2G2JWVMdqrptFyq1XReAKHhw/x1HJkNgWC9LKAK3bVQJpjLsNG37U9A=="],

    "cspell-io": ["cspell-io@9.6.4", "", { "dependencies": { "@cspell/cspell-service-bus": "9.6.4", "@cspell/url": "9.6.4" } }, "sha512-bmvJ4yn5QK2FZWTkZA4sx2qJqIi8BrUUUV7W209drSwkYjhJtXqP0RyF6Qx4Xuu2D1s0UilEtO5Jd+E9UJkQ6w=="],

    "cspell-lib": ["cspell-lib@9.6.4", "", { "dependencies": { "@cspell/cspell-bundled-dicts": "9.6.4", "@cspell/cspell-performance-monitor": "9.6.4", "@cspell/cspell-pipe": "9.6.4", "@cspell/cspell-resolver": "9.6.4", "@cspell/cspell-types": "9.6.4", "@cspell/dynamic-import": "9.6.4", "@cspell/filetypes": "9.6.4", "@cspell/rpc": "9.6.4", "@cspell/strong-weak-map": "9.6.4", "@cspell/url": "9.6.4", "clear-module": "^4.1.2", "cspell-config-lib": "9.6.4", "cspell-dictionary": "9.6.4", "cspell-glob": "9.6.4", "cspell-grammar": "9.6.4", "cspell-io": "9.6.4", "cspell-trie-lib": "9.6.4", "env-paths": "^4.0.0", "gensequence": "^8.0.8", "import-fresh": "^3.3.1", "resolve-from": "^5.0.0", "vscode-languageserver-textdocument": "^1.0.12", "vscode-uri": "^3.1.0", "xdg-basedir": "^5.1.0" } }, "sha512-fUodKcIHTwvokuowB25XyFzBxlk73yj1QRw2por3BxDz9fAim1zAIohAPAnGuzj3LowYnTMjHLYE7RFDUSxy5A=="],

    "cspell-trie-lib": ["cspell-trie-lib@9.6.4", "", { "peerDependencies": { "@cspell/cspell-types": "9.6.4" } }, "sha512-JKwyRtyybbaTrixwI1OgU5Hvva2Z5zHVWl92WBa9U7KijAyiD/Ehp3T3DCYuBwGks7egw7MgWPySkXXnpme6mw=="],

    "env-paths": ["env-paths@4.0.0", "", { "dependencies": { "is-safe-filename": "^0.1.0" } }, "sha512-pxP8eL2SwwaTRi/KHYwLYXinDs7gL3jxFcBYmEdYfZmZXbaVDvdppd0XBU8qVz03rDfKZMXg1omHCbsJjZrMsw=="],

    "esprima": ["esprima@4.0.1", "", { "bin": { "esparse": "./bin/esparse.js", "esvalidate": "./bin/esvalidate.js" } }, "sha512-eGuFFw7Upda+g4p+QHvnW0RyTX/SVeJBDM/gCtMARO0cLuT2HcEKnTPvhjV6aGeqrCB/sbNop0Kszm0jsaWU4A=="],

    "fast-content-type-parse": ["fast-content-type-parse@3.0.0", "", {}, "sha512-ZvLdcY8P+N8mGQJahJV5G4U88CSvT1rP8ApL6uETe88MBXrBHAkZlSEySdUlyztF7ccb+Znos3TFqaepHxdhBg=="],

    "fast-equals": ["fast-equals@6.0.0", "", {}, "sha512-PFhhIGgdM79r5Uztdj9Zb6Tt1zKafqVfdMGwVca1z5z6fbX7DmsySSuJd8HiP6I1j505DCS83cLxo5rmSNeVEA=="],

    "fast-glob": ["fast-glob@3.3.3", "", { "dependencies": { "@nodelib/fs.stat": "^2.0.2", "@nodelib/fs.walk": "^1.2.3", "glob-parent": "^5.1.2", "merge2": "^1.3.0", "micromatch": "^4.0.8" } }, "sha512-7MptL8U0cqcFdzIzwOTHoilX9x5BrNqye7Z/LuC7kCMRio1EMSyqRK3BEAUD7sXRq4iT4AzTVuZdhgQ2TCvYLg=="],

    "fast-json-stable-stringify": ["fast-json-stable-stringify@2.1.0", "", {}, "sha512-lhd/wF+Lk98HZoTCtlVraHtfh5XYijIjalXck7saUtuanSDyLMxnHhSXEDJqHxD7msR8D0uCmqlkwjCV8xvwHw=="],

    "fastq": ["fastq@1.20.1", "", { "dependencies": { "reusify": "^1.0.4" } }, "sha512-GGToxJ/w1x32s/D2EKND7kTil4n8OVk/9mycTc4VDza13lOvpUZTGX3mFSCtV9ksdGBVzvsyAVLM6mHFThxXxw=="],

    "fd-package-json": ["fd-package-json@2.0.0", "", { "dependencies": { "walk-up-path": "^4.0.0" } }, "sha512-jKmm9YtsNXN789RS/0mSzOC1NUq9mkVd65vbSSVsKdjGvYXBuE4oWe2QOEoFeRmJg+lPuZxpmrfFclNhoRMneQ=="],

    "fdir": ["fdir@6.5.0", "", { "peerDependencies": { "picomatch": "^3 || ^4" }, "optionalPeers": ["picomatch"] }, "sha512-tIbYtZbucOs0BRGqPJkshJUYdL+SDH7dVM8gjy+ERp3WAUjLEFJE+02kanyHtwjWOnwrKYBiwAmM0p4kLJAnXg=="],

    "fill-range": ["fill-range@7.1.1", "", { "dependencies": { "to-regex-range": "^5.0.1" } }, "sha512-YsGpe3WHLK8ZYi4tWDg2Jy3ebRz2rXowDxnld4bkQB00cc/1Zw9AWnC0i9ztDJitivtQvaI9KaLyKrc+hBW0yg=="],

    "flatted": ["flatted@3.3.3", "", {}, "sha512-GX+ysw4PBCz0PzosHDepZGANEuFCMLrnRTiEy9McGjmkCQYwRq4A/X786G/fjM/+OjsWSU1ZrY5qyARZmO/uwg=="],

    "formatly": ["formatly@0.3.0", "", { "dependencies": { "fd-package-json": "^2.0.0" }, "bin": { "formatly": "bin/index.mjs" } }, "sha512-9XNj/o4wrRFyhSMJOvsuyMwy8aUfBaZ1VrqHVfohyXf0Sw0e+yfKG+xZaY3arGCOMdwFsqObtzVOc1gU9KiT9w=="],

    "gensequence": ["gensequence@8.0.8", "", {}, "sha512-omMVniXEXpdx/vKxGnPRoO2394Otlze28TyxECbFVyoSpZ9H3EO7lemjcB12OpQJzRW4e5tt/dL1rOxry6aMHg=="],

    "glob-parent": ["glob-parent@5.1.2", "", { "dependencies": { "is-glob": "^4.0.1" } }, "sha512-AOIgSQCepiJYwP3ARnGx+5VnTu2HBYdzbGP45eLw1vr3zB3vZLeyed1sC9hnbcOc9/SrMyM5RPQrkGz4aS9Zow=="],

    "global-directory": ["global-directory@4.0.1", "", { "dependencies": { "ini": "4.1.1" } }, "sha512-wHTUcDUoZ1H5/0iVqEudYW4/kAlN5cZ3j/bXn0Dpbizl9iaUVeWSHqiOjsgk6OW2bkLclbBjzewBz6weQ1zA2Q=="],

    "immer": ["immer@11.1.3", "", {}, "sha512-6jQTc5z0KJFtr1UgFpIL3N9XSC3saRaI9PwWtzM2pSqkNGtiNkYY2OSwkOGDK2XcTRcLb1pi/aNkKZz0nxVH4Q=="],

    "import-fresh": ["import-fresh@3.3.1", "", { "dependencies": { "parent-module": "^1.0.0", "resolve-from": "^4.0.0" } }, "sha512-TR3KfrTZTYLPB6jUjfx6MF9WcWrHL9su5TObK4ZkYgBdWKPOFoSoQIdEuTuR82pmtxH2spWG9h6etwfr1pLBqQ=="],

    "import-meta-resolve": ["import-meta-resolve@4.2.0", "", {}, "sha512-Iqv2fzaTQN28s/FwZAoFq0ZSs/7hMAHJVX+w8PZl3cY19Pxk6jFFalxQoIfW2826i/fDLXv8IiEZRIT0lDuWcg=="],

    "ini": ["ini@4.1.1", "", {}, "sha512-QQnnxNyfvmHFIsj7gkPcYymR8Jdw/o7mp5ZFihxn6h8Ci6fh3Dx4E1gPjpQEpIuPo9XVNY/ZUwh4BPMjGyL01g=="],

    "is-extglob": ["is-extglob@2.1.1", "", {}, "sha512-SbKbANkN603Vi4jEZv49LeVJMn4yGwsbzZworEoyEiutsN3nJYdbO36zfhGJ6QEDpOZIFkDtnq5JRxmvl3jsoQ=="],

    "is-glob": ["is-glob@4.0.3", "", { "dependencies": { "is-extglob": "^2.1.1" } }, "sha512-xelSayHH36ZgE7ZWhli7pW34hNbNl8Ojv5KVmkJD4hBdD3th8Tfk9vYasLM+mXWOZhFkgZfxhLSnrwRr4elSSg=="],

    "is-number": ["is-number@7.0.0", "", {}, "sha512-41Cifkg6e8TylSpdtTpeLVMqvSBEVzTttHvERD741+pnZ8ANv0004MRL43QKPDlK9cGvNp6NZWZUBlbGXYxxng=="],

    "is-safe-filename": ["is-safe-filename@0.1.1", "", {}, "sha512-4SrR7AdnY11LHfDKTZY1u6Ga3RuxZdl3YKWWShO5iyuG5h8QS4GD2tOb04peBJ5I7pXbR+CGBNEhTcwK+FzN3g=="],

    "jiti": ["jiti@2.6.1", "", { "bin": { "jiti": "lib/jiti-cli.mjs" } }, "sha512-ekilCSN1jwRvIbgeg/57YFh8qQDNbwDb9xT/qu2DAHbFFZUicIl4ygVaAvzveMhMVr3LnpSKTNnwt8PoOfmKhQ=="],

    "js-yaml": ["js-yaml@4.1.1", "", { "dependencies": { "argparse": "^2.0.1" }, "bin": { "js-yaml": "bin/js-yaml.js" } }, "sha512-qQKT4zQxXl8lLwBtHMWwaTcGfFOZviOJet3Oy/xmGk2gZH677CJM9EvtfdSkgWcATZhj/55JZ0rmy3myCT5lsA=="],

    "knip": ["knip@5.83.0", "", { "dependencies": { "@nodelib/fs.walk": "^1.2.3", "fast-glob": "^3.3.3", "formatly": "^0.3.0", "jiti": "^2.6.0", "js-yaml": "^4.1.1", "minimist": "^1.2.8", "oxc-resolver": "^11.15.0", "picocolors": "^1.1.1", "picomatch": "^4.0.1", "smol-toml": "^1.5.2", "strip-json-comments": "5.0.3", "zod": "^4.1.11" }, "peerDependencies": { "@types/node": ">=18", "typescript": ">=5.0.4 <7" }, "bin": { "knip": "bin/knip.js", "knip-bun": "bin/knip-bun.js" } }, "sha512-FfmaHMntpZB13B1oJQMSs1hTOZxd0TOn+FYB3oWEI02XlxTW3RH4H7d8z5Us3g0ziHCYyl7z0B1xi8ENP3QEKA=="],

    "merge2": ["merge2@1.4.1", "", {}, "sha512-8q7VEgMJW4J8tcfVPy8g09NcQwZdbwFEqhe/WZkoIzjn/3TGDwtOCYtXGxA3O8tPzpczCCDgv+P2P5y00ZJOOg=="],

    "micromatch": ["micromatch@4.0.8", "", { "dependencies": { "braces": "^3.0.3", "picomatch": "^2.3.1" } }, "sha512-PXwfBhYu0hBCPw8Dn0E+WDYb7af3dSLVWKi3HGv84IdF4TyFoC0ysxFd0Goxw7nSv4T/PzEJQxsYsEiFCKo2BA=="],

    "minimatch": ["minimatch@10.1.1", "", { "dependencies": { "@isaacs/brace-expansion": "^5.0.0" } }, "sha512-enIvLvRAFZYXJzkCYG5RKmPfrFArdLv+R+lbQ53BmIMLIry74bjKzX6iHAm8WYamJkhSSEabrWN5D97XnKObjQ=="],

    "minimist": ["minimist@1.2.8", "", {}, "sha512-2yyAR8qBkN3YuheJanUpWC5U3bb5osDywNB8RzDVlDwDHbocAJveqqj1u8+SVD7jkWT4yvsHCpWqqWqAxb0zCA=="],

    "oxc-resolver": ["oxc-resolver@11.16.2", "", { "optionalDependencies": { "@oxc-resolver/binding-android-arm-eabi": "11.16.2", "@oxc-resolver/binding-android-arm64": "11.16.2", "@oxc-resolver/binding-darwin-arm64": "11.16.2", "@oxc-resolver/binding-darwin-x64": "11.16.2", "@oxc-resolver/binding-freebsd-x64": "11.16.2", "@oxc-resolver/binding-linux-arm-gnueabihf": "11.16.2", "@oxc-resolver/binding-linux-arm-musleabihf": "11.16.2", "@oxc-resolver/binding-linux-arm64-gnu": "11.16.2", "@oxc-resolver/binding-linux-arm64-musl": "11.16.2", "@oxc-resolver/binding-linux-ppc64-gnu": "11.16.2", "@oxc-resolver/binding-linux-riscv64-gnu": "11.16.2", "@oxc-resolver/binding-linux-riscv64-musl": "11.16.2", "@oxc-resolver/binding-linux-s390x-gnu": "11.16.2", "@oxc-resolver/binding-linux-x64-gnu": "11.16.2", "@oxc-resolver/binding-linux-x64-musl": "11.16.2", "@oxc-resolver/binding-openharmony-arm64": "11.16.2", "@oxc-resolver/binding-wasm32-wasi": "11.16.2", "@oxc-resolver/binding-win32-arm64-msvc": "11.16.2", "@oxc-resolver/binding-win32-ia32-msvc": "11.16.2", "@oxc-resolver/binding-win32-x64-msvc": "11.16.2" } }, "sha512-Uy76u47vwhhF7VAmVY61Srn+ouiOobf45MU9vGct9GD2ARy6hKoqEElyHDB0L+4JOM6VLuZ431KiLwyjI/A21g=="],

    "parent-module": ["parent-module@2.0.0", "", { "dependencies": { "callsites": "^3.1.0" } }, "sha512-uo0Z9JJeWzv8BG+tRcapBKNJ0dro9cLyczGzulS6EfeyAdeC9sbojtW6XwvYxJkEne9En+J2XEl4zyglVeIwFg=="],

    "path-browserify": ["path-browserify@1.0.1", "", {}, "sha512-b7uo2UCUOYZcnF/3ID0lulOJi/bafxa1xPe7ZPsammBSpjSWQkjNxlt635YGS2MiR9GjvuXCtz2emr3jbsz98g=="],

    "picocolors": ["picocolors@1.1.1", "", {}, "sha512-xceH2snhtb5M9liqDsmEw56le376mTZkEX/jEb/RxNFyegNul7eNslCXP9FDj/Lcu0X8KEyMceP2ntpaHrDEVA=="],

    "picomatch": ["picomatch@4.0.3", "", {}, "sha512-5gTmgEY/sqK6gFXLIsQNH19lWb4ebPDLA4SdLP7dsWkIXHWlG66oPuVvXSGFPppYZz8ZDZq0dYYrbHfBCVUb1Q=="],

    "queue-microtask": ["queue-microtask@1.2.3", "", {}, "sha512-NuaNSa6flKT5JaSYQzJok04JzTL1CA6aGhv5rfLW3PgqA+M2ChpZQnAC8h8i4ZFkBS8X5RqkDBHA7r4hej3K9A=="],

    "resolve-from": ["resolve-from@5.0.0", "", {}, "sha512-qYg9KP24dD5qka9J47d0aVky0N+b4fTU89LN9iDnjB5waksiC49rvMB0PrUJQGoTmH50XPiqOvAjDfaijGxYZw=="],

    "reusify": ["reusify@1.1.0", "", {}, "sha512-g6QUff04oZpHs0eG5p83rFLhHeV00ug/Yf9nZM6fLeUrPguBTkTQOdpAWWspMh55TZfVQDPaN3NQJfbVRAxdIw=="],

    "run-parallel": ["run-parallel@1.2.0", "", { "dependencies": { "queue-microtask": "^1.2.2" } }, "sha512-5l4VyZR86LZ/lDxZTR6jqL8AFE2S0IFLMP26AbjsLVADxHdhB/c0GUsH+y39UfCi3dzz8OlQuPmnaJOMoDHQBA=="],

    "semver": ["semver@7.7.3", "", { "bin": { "semver": "bin/semver.js" } }, "sha512-SdsKMrI9TdgjdweUSR9MweHA4EJ8YxHn8DFaDisvhVlUOe4BF1tLD7GAj0lIqWVl+dPb/rExr0Btby5loQm20Q=="],

    "smol-toml": ["smol-toml@1.6.0", "", {}, "sha512-4zemZi0HvTnYwLfrpk/CF9LOd9Lt87kAt50GnqhMpyF9U3poDAP2+iukq2bZsO/ufegbYehBkqINbsWxj4l4cw=="],

    "strip-json-comments": ["strip-json-comments@5.0.3", "", {}, "sha512-1tB5mhVo7U+ETBKNf92xT4hrQa3pm0MZ0PQvuDnWgAAGHDsfp4lPSpiS6psrSiet87wyGPh9ft6wmhOMQ0hDiw=="],

    "tinyglobby": ["tinyglobby@0.2.15", "", { "dependencies": { "fdir": "^6.5.0", "picomatch": "^4.0.3" } }, "sha512-j2Zq4NyQYG5XMST4cbs02Ak8iJUdxRM0XI5QyxXuZOzKOINmWurp3smXu3y5wDcJrptwpSjgXHzIQxR0omXljQ=="],

    "to-regex-range": ["to-regex-range@5.0.1", "", { "dependencies": { "is-number": "^7.0.0" } }, "sha512-65P7iz6X5yEr1cwcgvQxbbIw7Uk3gOy5dIdtZ4rDveLqhrdJP+Li/Hx6tyK0NEb+2GCyneCMJiGqrADCSNk8sQ=="],

    "ts-morph": ["ts-morph@27.0.2", "", { "dependencies": { "@ts-morph/common": "~0.28.1", "code-block-writer": "^13.0.3" } }, "sha512-fhUhgeljcrdZ+9DZND1De1029PrE+cMkIP7ooqkLRTrRLTqcki2AstsyJm0vRNbTbVCNJ0idGlbBrfqc7/nA8w=="],

    "tslib": ["tslib@2.8.1", "", {}, "sha512-oJFu94HQb+KVduSUQL7wnpmqnfmLsOA/nAh6b6EH0wCEoK0/mPeXU6c3wKDV83MkOuHPRHtSXKKU99IBazS/2w=="],

    "typescript": ["typescript@5.9.3", "", { "bin": { "tsc": "bin/tsc", "tsserver": "bin/tsserver" } }, "sha512-jl1vZzPDinLr9eUt3J/t7V6FgNEw9QjvBPdysz9KfQDD41fQrC2Y4vKQdiaUpFT4bXlb1RHhLpp8wtm6M5TgSw=="],

    "undici-types": ["undici-types@7.16.0", "", {}, "sha512-Zz+aZWSj8LE6zoxD+xrjh4VfkIG8Ya6LvYkZqtUQGJPZjYl53ypCaUwWqo7eI0x66KBGeRo+mlBEkMSeSZ38Nw=="],

    "universal-user-agent": ["universal-user-agent@7.0.3", "", {}, "sha512-TmnEAEAsBJVZM/AADELsK76llnwcf9vMKuPz8JflO1frO8Lchitr0fNaN9d+Ap0BjKtqWqd/J17qeDnXh8CL2A=="],

    "vscode-languageserver-textdocument": ["vscode-languageserver-textdocument@1.0.12", "", {}, "sha512-cxWNPesCnQCcMPeenjKKsOCKQZ/L6Tv19DTRIGuLWe32lyzWhihGVJ/rcckZXJxfdKCFvRLS3fpBIsV/ZGX4zA=="],

    "vscode-uri": ["vscode-uri@3.1.0", "", {}, "sha512-/BpdSx+yCQGnCvecbyXdxHDkuk55/G3xwnC0GqY4gmQ3j+A+g8kzzgB4Nk/SINjqn6+waqw3EgbVF2QKExkRxQ=="],

    "walk-up-path": ["walk-up-path@4.0.0", "", {}, "sha512-3hu+tD8YzSLGuFYtPRb48vdhKMi0KQV5sn+uWr8+7dMEq/2G/dtLrdDinkLjqq5TIbIBjYJ4Ax/n3YiaW7QM8A=="],

    "xdg-basedir": ["xdg-basedir@5.1.0", "", {}, "sha512-GCPAHLvrIH13+c0SuacwvRYj2SxJXQ4kaVTT5xgL3kPrz56XxkF21IGhjSE1+W0aw7gpBWRGXLCPnPby6lSpmQ=="],

    "yaml": ["yaml@2.8.2", "", { "bin": { "yaml": "bin.mjs" } }, "sha512-mplynKqc1C2hTVYxd0PU2xQAc22TI1vShAYGksCCfxbn/dFwnHTNi1bvYsBTkhdUNtGIf5xNOg938rrSSYvS9A=="],

    "zod": ["zod@4.3.6", "", {}, "sha512-rftlrkhHZOcjDwkGlnUtZZkvaPHCsDATp4pGpuOOMDaTdDDXF91wuVDJoWoPsKX/3YPQ5fHuF3STjcYyKr+Qhg=="],

    "bun-types/@types/node": ["@types/node@25.0.3", "", { "dependencies": { "undici-types": "~7.16.0" } }, "sha512-W609buLVRVmeW693xKfzHeIV6nJGGz98uCPfeXI1ELMLXVeKYZ9m15fAMSaUPBHYLGFsVRcMmSCksQOrZV9BYA=="],

    "import-fresh/parent-module": ["parent-module@1.0.1", "", { "dependencies": { "callsites": "^3.0.0" } }, "sha512-GQ2EWRpQV8/o+Aw8YqtfZZPfNRWZYkbidE9k5rpl/hC3vtHHBfGm2Ifi6qWV+coDGkrUKZAxE3Lot5kcsRlh+g=="],

    "import-fresh/resolve-from": ["resolve-from@4.0.0", "", {}, "sha512-pb/MYmXstAkysRFx8piNI1tGFNQIFA3vkE3Gq4EuA1dF6gHp/+vgZqsCGJapvy8N3Q+4o7FwvquPJcnZ7RYy4g=="],

    "micromatch/picomatch": ["picomatch@2.3.1", "", {}, "sha512-JU3teHTNjmE2VCGFzuY8EXzCDVwEqB2a8fsIvwaStHhAWJEeVd1o1QD80CU6+ZdEXXSLbSsuLwJjkCBWqRQUVA=="],
  }
}
